
Microsoft Visual Studio Solution File, Format Version 12.00
# Visual Studio Version 16
VisualStudioVersion = 16.0.31702.278
MinimumVisualStudioVersion = 10.0.40219.1
Project("{FAE04EC0-301F-11D3-BF4B-00C04F79EFBC}") = "Collect", "Collect\Collect.csproj", "{6AFB0A14-1BA1-4399-AF48-9197739321B5}"
EndProject
Project("{FAE04EC0-301F-11D3-BF4B-00C04F79EFBC}") = "Tune", "Tune\Tune.csproj", "{2E29FA4A-B78A-4DFC-B08F-07F2188050F9}"
EndProject
Global
	GlobalSection(SolutionConfigurationPlatforms) = preSolution
		Debug|Any CPU = Debug|Any CPU
		Release|Any CPU = Release|Any CPU
	EndGlobalSection
	GlobalSection(ProjectConfigurationPlatforms) = postSolution
		{6AFB0A14-1BA1-4399-AF48-9197739321B5}.Debug|Any CPU.ActiveCfg = Debug|Any CPU
		{6AFB0A14-1BA1-4399-AF48-9197739321B5}.Debug|Any CPU.Build.0 = Debug|Any CPU
		{6AFB0A14-1BA1-4399-AF48-9197739321B5}.Release|Any CPU.ActiveCfg = Release|Any CPU
		{6AFB0A14-1BA1-4399-AF48-9197739321B5}.Release|Any CPU.Build.0 = Release|Any CPU
		{2E29FA4A-B78A-4DFC-B08F-07F2188050F9}.Debug|Any CPU.ActiveCfg = Debug|Any CPU
		{2E29FA4A-B78A-4DFC-B08F-07F2188050F9}.Debug|Any CPU.Build.0 = Debug|Any CPU
		{2E29FA4A-B78A-4DFC-B08F-07F2188050F9}.Release|Any CPU.ActiveCfg = Release|Any CPU
		{2E29FA4A-B78A-4DFC-B08F-07F2188050F9}.Release|Any CPU.Build.0 = Release|Any CPU
	EndGlobalSection
	GlobalSection(SolutionProperties) = preSolution
		HideSolutionNode = FALSE
	EndGlobalSection
	GlobalSection(ExtensibilityGlobals) = postSolution
		SolutionGuid = {A88E6B5A-C332-4ED9-8C53-C1884D083EBB}
	EndGlobalSection
EndGlobal
